
Microsoft Visual Studio Solution File, Format Version 12.00
# Visual Studio Version 17
VisualStudioVersion = 17.0.31919.166
MinimumVisualStudioVersion = 10.0.40219.1
Project("{9A19103F-16F7-4668-BE54-9A1E7A4F7556}") = "DreamWeb", "DreamWeb\DreamWeb.csproj", "{6F9B5EE0-3201-4628-9BD0-972EAA895971}"
EndProject
Project("{FAE04EC0-301F-11D3-BF4B-00C04F79EFBC}") = "DreamWeb.Tests", "DreamWeb.Tests\DreamWeb.Tests.csproj", "{C13D1108-6DD9-4764-901D-A6C5067771FC}"
EndProject
Global
	GlobalSection(SolutionConfigurationPlatforms) = preSolution
		Debug|Any CPU = Debug|Any CPU
		Release|Any CPU = Release|Any CPU
	EndGlobalSection
	GlobalSection(ProjectConfigurationPlatforms) = postSolution
		{6F9B5EE0-3201-4628-9BD0-972EAA895971}.Debug|Any CPU.ActiveCfg = Debug|Any CPU
		{6F9B5EE0-3201-4628-9BD0-972EAA895971}.Debug|Any CPU.Build.0 = Debug|Any CPU
		{6F9B5EE0-3201-4628-9BD0-972EAA895971}.Release|Any CPU.ActiveCfg = Release|Any CPU
		{6F9B5EE0-3201-4628-9BD0-972EAA895971}.Release|Any CPU.Build.0 = Release|Any CPU
		{C13D1108-6DD9-4764-901D-A6C5067771FC}.Debug|Any CPU.ActiveCfg = Debug|Any CPU
		{C13D1108-6DD9-4764-901D-A6C5067771FC}.Debug|Any CPU.Build.0 = Debug|Any CPU
		{C13D1108-6DD9-4764-901D-A6C5067771FC}.Release|Any CPU.ActiveCfg = Release|Any CPU
		{C13D1108-6DD9-4764-901D-A6C5067771FC}.Release|Any CPU.Build.0 = Release|Any CPU
	EndGlobalSection
	GlobalSection(SolutionProperties) = preSolution
		HideSolutionNode = FALSE
	EndGlobalSection
	GlobalSection(ExtensibilityGlobals) = postSolution
		SolutionGuid = {321967D9-627A-41B2-9E20-FED15E5573B6}
	EndGlobalSection
EndGlobal
